{
  "name": "dbmigrations",
  "lockfileVersion": 3,
  "requires": true,
  "packages": {
    "": {
      "dependencies": {
        "bson": "^5.3.0",
        "setmath": "^0.1.1"
      }
    },
    "node_modules/bson": {
      "version": "5.3.0",
      "resolved": "https://registry.npmjs.org/bson/-/bson-5.3.0.tgz",
      "integrity": "sha512-ukmCZMneMlaC5ebPHXIkP8YJzNl5DC41N5MAIvKDqLggdao342t4McltoJBQfQya/nHBWAcSsYRqlXPoQkTJag==",
      "engines": {
        "node": ">=14.20.1"
      }
    },
    "node_modules/setmath": {
      "version": "0.1.1",
      "resolved": "https://registry.npmjs.org/setmath/-/setmath-0.1.1.tgz",
      "integrity": "sha512-IWZDBKBXneipACarlQ+I1TUEkesCmNe/aY4jtGmhO2EgEHe+juIIZTkgPDWWpWY6AmcilE6IxpvsakrLzKuj+w=="
    }
  }
}
